
Microsoft Visual Studio Solution File, Format Version 12.00
# Visual Studio Version 17
VisualStudioVersion = 17.5.33516.290
MinimumVisualStudioVersion = 10.0.40219.1
Project("{2150E333-8FDC-42A3-9474-1A3956D46DE8}") = "Services", "Services", "{612C9820-FF4D-42D2-90F7-39AF4F417282}"
EndProject
Project("{2150E333-8FDC-42A3-9474-1A3956D46DE8}") = "Catalog", "Catalog", "{468D4209-5997-4437-9D73-3E6A97F1587E}"
EndProject
Project("{FAE04EC0-301F-11D3-BF4B-00C04F79EFBC}") = "Catalog.API", "..\Services\Catalog\Catalog.API\Catalog.API.csproj", "{33CB9749-A0B3-4663-8975-EFC4FC1C57AA}"
EndProject
Global
	GlobalSection(SolutionConfigurationPlatforms) = preSolution
		Debug|Any CPU = Debug|Any CPU
		Release|Any CPU = Release|Any CPU
	EndGlobalSection
	GlobalSection(ProjectConfigurationPlatforms) = postSolution
		{33CB9749-A0B3-4663-8975-EFC4FC1C57AA}.Debug|Any CPU.ActiveCfg = Debug|Any CPU
		{33CB9749-A0B3-4663-8975-EFC4FC1C57AA}.Debug|Any CPU.Build.0 = Debug|Any CPU
		{33CB9749-A0B3-4663-8975-EFC4FC1C57AA}.Release|Any CPU.ActiveCfg = Release|Any CPU
		{33CB9749-A0B3-4663-8975-EFC4FC1C57AA}.Release|Any CPU.Build.0 = Release|Any CPU
	EndGlobalSection
	GlobalSection(SolutionProperties) = preSolution
		HideSolutionNode = FALSE
	EndGlobalSection
	GlobalSection(NestedProjects) = preSolution
		{468D4209-5997-4437-9D73-3E6A97F1587E} = {612C9820-FF4D-42D2-90F7-39AF4F417282}
		{33CB9749-A0B3-4663-8975-EFC4FC1C57AA} = {468D4209-5997-4437-9D73-3E6A97F1587E}
	EndGlobalSection
	GlobalSection(ExtensibilityGlobals) = postSolution
		SolutionGuid = {2CB73853-41B7-4CFC-86F7-71CF9EA20A31}
	EndGlobalSection
EndGlobal
