
Microsoft Visual Studio Solution File, Format Version 12.00
# Visual Studio Version 17
VisualStudioVersion = 17.5.33516.290
MinimumVisualStudioVersion = 10.0.40219.1
Project("{2150E333-8FDC-42A3-9474-1A3956D46DE8}") = "Services", "Services", "{612C9820-FF4D-42D2-90F7-39AF4F417282}"
EndProject
Project("{2150E333-8FDC-42A3-9474-1A3956D46DE8}") = "Catalog", "Catalog", "{468D4209-5997-4437-9D73-3E6A97F1587E}"
EndProject
Project("{9A19103F-16F7-4668-BE54-9A1E7A4F7556}") = "Catalog.API", "Services\Catalog\Catalog.API\Catalog.API.csproj", "{5334E3FE-6B3A-4625-8646-359038CAD10F}"
EndProject
Project("{E53339B2-1760-4266-BCC7-CA923CBCF16C}") = "docker-compose", "docker-compose.dcproj", "{E9EA07AD-DA82-4C08-8BD4-55944F2611AD}"
EndProject
Project("{2150E333-8FDC-42A3-9474-1A3956D46DE8}") = "Basket", "Basket", "{00011820-BBB1-40E2-93C2-FA9D8F980AF6}"
EndProject
Project("{9A19103F-16F7-4668-BE54-9A1E7A4F7556}") = "Basket.API", "Services\Basket\Basket.API\Basket.API.csproj", "{7BF776F3-CF71-4DBF-96D8-741F9826073C}"
EndProject
Project("{2150E333-8FDC-42A3-9474-1A3956D46DE8}") = "Discount", "Discount", "{4302B64F-A1C6-4DC1-9186-FF7718763955}"
EndProject
Project("{9A19103F-16F7-4668-BE54-9A1E7A4F7556}") = "Discount.API", "Services\Discount\Discount.API\Discount.API.csproj", "{9A7BD964-DC96-49D6-A807-ACD38D4E8E32}"
EndProject
Project("{9A19103F-16F7-4668-BE54-9A1E7A4F7556}") = "Discount.Grpc", "Services\Discount\Discount.Grpc\Discount.Grpc.csproj", "{4B00C28F-5732-4459-8B41-797E9EEFF89B}"
EndProject
Project("{2150E333-8FDC-42A3-9474-1A3956D46DE8}") = "Ordering", "Ordering", "{A2221631-23DA-4CFD-8E21-3A3432830782}"
EndProject
Project("{9A19103F-16F7-4668-BE54-9A1E7A4F7556}") = "Ordering.API", "Services\Ordering\Ordering.API\Ordering.API.csproj", "{66441607-A7D7-4633-AB7B-CAECE9DD1522}"
EndProject
Project("{9A19103F-16F7-4668-BE54-9A1E7A4F7556}") = "Ordering.Domain", "Services\Ordering\Ordering.Domain\Ordering.Domain.csproj", "{9F96792A-5220-478A-893C-3D629F23909B}"
EndProject
Project("{9A19103F-16F7-4668-BE54-9A1E7A4F7556}") = "Ordering.Application", "Services\Ordering\Ordering.Application\Ordering.Application.csproj", "{370FCE7F-361F-488C-99D4-6ECA5E2261B1}"
EndProject
Project("{9A19103F-16F7-4668-BE54-9A1E7A4F7556}") = "Ordering.Infrastructure", "Services\Ordering\Ordering.Infrastructure\Ordering.Infrastructure.csproj", "{60325539-95D2-4330-92AF-7EA4FA350D49}"
EndProject
Project("{2150E333-8FDC-42A3-9474-1A3956D46DE8}") = "BuildingBlocks", "BuildingBlocks", "{AFD0BD60-AC61-428E-B1F0-E08655D3D27E}"
EndProject
Project("{9A19103F-16F7-4668-BE54-9A1E7A4F7556}") = "EventBus.Messages", "BuildingBlocks\EventBus.Messages\EventBus.Messages.csproj", "{F482FE19-2991-42F6-9616-D3BDC7F31284}"
EndProject
Project("{2150E333-8FDC-42A3-9474-1A3956D46DE8}") = "ApiGateways", "ApiGateways", "{B73D9DD4-26D6-4D6A-9B0C-7D8AEFCAD21A}"
EndProject
Project("{9A19103F-16F7-4668-BE54-9A1E7A4F7556}") = "OcelotApiGateway", "ApiGateways\OcelotApiGateway\OcelotApiGateway.csproj", "{D97D5BA3-EF11-46F6-8C08-0295087F0993}"
EndProject
Project("{9A19103F-16F7-4668-BE54-9A1E7A4F7556}") = "Shopping.Aggregator", "ApiGateways\Shopping.Aggregator\Shopping.Aggregator.csproj", "{43FAF5BB-8694-42DC-A487-608CD09EE025}"
EndProject
Project("{2150E333-8FDC-42A3-9474-1A3956D46DE8}") = "WebApps", "WebApps", "{0367E4EF-07AB-400B-8ACC-74309B787319}"
EndProject
Project("{9A19103F-16F7-4668-BE54-9A1E7A4F7556}") = "AspnetRunBasics", "WebApps\AspnetRunBasics\AspnetRunBasics.csproj", "{D4DDD5C9-0655-4D68-B00F-B79F64041761}"
EndProject
Global
	GlobalSection(SolutionConfigurationPlatforms) = preSolution
		Debug|Any CPU = Debug|Any CPU
		Release|Any CPU = Release|Any CPU
	EndGlobalSection
	GlobalSection(ProjectConfigurationPlatforms) = postSolution
		{5334E3FE-6B3A-4625-8646-359038CAD10F}.Debug|Any CPU.ActiveCfg = Debug|Any CPU
		{5334E3FE-6B3A-4625-8646-359038CAD10F}.Debug|Any CPU.Build.0 = Debug|Any CPU
		{5334E3FE-6B3A-4625-8646-359038CAD10F}.Release|Any CPU.ActiveCfg = Release|Any CPU
		{5334E3FE-6B3A-4625-8646-359038CAD10F}.Release|Any CPU.Build.0 = Release|Any CPU
		{E9EA07AD-DA82-4C08-8BD4-55944F2611AD}.Debug|Any CPU.ActiveCfg = Debug|Any CPU
		{E9EA07AD-DA82-4C08-8BD4-55944F2611AD}.Debug|Any CPU.Build.0 = Debug|Any CPU
		{E9EA07AD-DA82-4C08-8BD4-55944F2611AD}.Release|Any CPU.ActiveCfg = Release|Any CPU
		{E9EA07AD-DA82-4C08-8BD4-55944F2611AD}.Release|Any CPU.Build.0 = Release|Any CPU
		{7BF776F3-CF71-4DBF-96D8-741F9826073C}.Debug|Any CPU.ActiveCfg = Debug|Any CPU
		{7BF776F3-CF71-4DBF-96D8-741F9826073C}.Debug|Any CPU.Build.0 = Debug|Any CPU
		{7BF776F3-CF71-4DBF-96D8-741F9826073C}.Release|Any CPU.ActiveCfg = Release|Any CPU
		{7BF776F3-CF71-4DBF-96D8-741F9826073C}.Release|Any CPU.Build.0 = Release|Any CPU
		{9A7BD964-DC96-49D6-A807-ACD38D4E8E32}.Debug|Any CPU.ActiveCfg = Debug|Any CPU
		{9A7BD964-DC96-49D6-A807-ACD38D4E8E32}.Debug|Any CPU.Build.0 = Debug|Any CPU
		{9A7BD964-DC96-49D6-A807-ACD38D4E8E32}.Release|Any CPU.ActiveCfg = Release|Any CPU
		{9A7BD964-DC96-49D6-A807-ACD38D4E8E32}.Release|Any CPU.Build.0 = Release|Any CPU
		{4B00C28F-5732-4459-8B41-797E9EEFF89B}.Debug|Any CPU.ActiveCfg = Debug|Any CPU
		{4B00C28F-5732-4459-8B41-797E9EEFF89B}.Debug|Any CPU.Build.0 = Debug|Any CPU
		{4B00C28F-5732-4459-8B41-797E9EEFF89B}.Release|Any CPU.ActiveCfg = Release|Any CPU
		{4B00C28F-5732-4459-8B41-797E9EEFF89B}.Release|Any CPU.Build.0 = Release|Any CPU
		{66441607-A7D7-4633-AB7B-CAECE9DD1522}.Debug|Any CPU.ActiveCfg = Debug|Any CPU
		{66441607-A7D7-4633-AB7B-CAECE9DD1522}.Debug|Any CPU.Build.0 = Debug|Any CPU
		{66441607-A7D7-4633-AB7B-CAECE9DD1522}.Release|Any CPU.ActiveCfg = Release|Any CPU
		{66441607-A7D7-4633-AB7B-CAECE9DD1522}.Release|Any CPU.Build.0 = Release|Any CPU
		{9F96792A-5220-478A-893C-3D629F23909B}.Debug|Any CPU.ActiveCfg = Debug|Any CPU
		{9F96792A-5220-478A-893C-3D629F23909B}.Debug|Any CPU.Build.0 = Debug|Any CPU
		{9F96792A-5220-478A-893C-3D629F23909B}.Release|Any CPU.ActiveCfg = Release|Any CPU
		{9F96792A-5220-478A-893C-3D629F23909B}.Release|Any CPU.Build.0 = Release|Any CPU
		{370FCE7F-361F-488C-99D4-6ECA5E2261B1}.Debug|Any CPU.ActiveCfg = Debug|Any CPU
		{370FCE7F-361F-488C-99D4-6ECA5E2261B1}.Debug|Any CPU.Build.0 = Debug|Any CPU
		{370FCE7F-361F-488C-99D4-6ECA5E2261B1}.Release|Any CPU.ActiveCfg = Release|Any CPU
		{370FCE7F-361F-488C-99D4-6ECA5E2261B1}.Release|Any CPU.Build.0 = Release|Any CPU
		{60325539-95D2-4330-92AF-7EA4FA350D49}.Debug|Any CPU.ActiveCfg = Debug|Any CPU
		{60325539-95D2-4330-92AF-7EA4FA350D49}.Debug|Any CPU.Build.0 = Debug|Any CPU
		{60325539-95D2-4330-92AF-7EA4FA350D49}.Release|Any CPU.ActiveCfg = Release|Any CPU
		{60325539-95D2-4330-92AF-7EA4FA350D49}.Release|Any CPU.Build.0 = Release|Any CPU
		{F482FE19-2991-42F6-9616-D3BDC7F31284}.Debug|Any CPU.ActiveCfg = Debug|Any CPU
		{F482FE19-2991-42F6-9616-D3BDC7F31284}.Debug|Any CPU.Build.0 = Debug|Any CPU
		{F482FE19-2991-42F6-9616-D3BDC7F31284}.Release|Any CPU.ActiveCfg = Release|Any CPU
		{F482FE19-2991-42F6-9616-D3BDC7F31284}.Release|Any CPU.Build.0 = Release|Any CPU
		{D97D5BA3-EF11-46F6-8C08-0295087F0993}.Debug|Any CPU.ActiveCfg = Debug|Any CPU
		{D97D5BA3-EF11-46F6-8C08-0295087F0993}.Debug|Any CPU.Build.0 = Debug|Any CPU
		{D97D5BA3-EF11-46F6-8C08-0295087F0993}.Release|Any CPU.ActiveCfg = Release|Any CPU
		{D97D5BA3-EF11-46F6-8C08-0295087F0993}.Release|Any CPU.Build.0 = Release|Any CPU
		{43FAF5BB-8694-42DC-A487-608CD09EE025}.Debug|Any CPU.ActiveCfg = Debug|Any CPU
		{43FAF5BB-8694-42DC-A487-608CD09EE025}.Debug|Any CPU.Build.0 = Debug|Any CPU
		{43FAF5BB-8694-42DC-A487-608CD09EE025}.Release|Any CPU.ActiveCfg = Release|Any CPU
		{43FAF5BB-8694-42DC-A487-608CD09EE025}.Release|Any CPU.Build.0 = Release|Any CPU
		{D4DDD5C9-0655-4D68-B00F-B79F64041761}.Debug|Any CPU.ActiveCfg = Debug|Any CPU
		{D4DDD5C9-0655-4D68-B00F-B79F64041761}.Debug|Any CPU.Build.0 = Debug|Any CPU
		{D4DDD5C9-0655-4D68-B00F-B79F64041761}.Release|Any CPU.ActiveCfg = Release|Any CPU
		{D4DDD5C9-0655-4D68-B00F-B79F64041761}.Release|Any CPU.Build.0 = Release|Any CPU
	EndGlobalSection
	GlobalSection(SolutionProperties) = preSolution
		HideSolutionNode = FALSE
	EndGlobalSection
	GlobalSection(NestedProjects) = preSolution
		{468D4209-5997-4437-9D73-3E6A97F1587E} = {612C9820-FF4D-42D2-90F7-39AF4F417282}
		{5334E3FE-6B3A-4625-8646-359038CAD10F} = {468D4209-5997-4437-9D73-3E6A97F1587E}
		{00011820-BBB1-40E2-93C2-FA9D8F980AF6} = {612C9820-FF4D-42D2-90F7-39AF4F417282}
		{7BF776F3-CF71-4DBF-96D8-741F9826073C} = {00011820-BBB1-40E2-93C2-FA9D8F980AF6}
		{4302B64F-A1C6-4DC1-9186-FF7718763955} = {612C9820-FF4D-42D2-90F7-39AF4F417282}
		{9A7BD964-DC96-49D6-A807-ACD38D4E8E32} = {4302B64F-A1C6-4DC1-9186-FF7718763955}
		{4B00C28F-5732-4459-8B41-797E9EEFF89B} = {4302B64F-A1C6-4DC1-9186-FF7718763955}
		{A2221631-23DA-4CFD-8E21-3A3432830782} = {612C9820-FF4D-42D2-90F7-39AF4F417282}
		{66441607-A7D7-4633-AB7B-CAECE9DD1522} = {A2221631-23DA-4CFD-8E21-3A3432830782}
		{9F96792A-5220-478A-893C-3D629F23909B} = {A2221631-23DA-4CFD-8E21-3A3432830782}
		{370FCE7F-361F-488C-99D4-6ECA5E2261B1} = {A2221631-23DA-4CFD-8E21-3A3432830782}
		{60325539-95D2-4330-92AF-7EA4FA350D49} = {A2221631-23DA-4CFD-8E21-3A3432830782}
		{F482FE19-2991-42F6-9616-D3BDC7F31284} = {AFD0BD60-AC61-428E-B1F0-E08655D3D27E}
		{D97D5BA3-EF11-46F6-8C08-0295087F0993} = {B73D9DD4-26D6-4D6A-9B0C-7D8AEFCAD21A}
		{43FAF5BB-8694-42DC-A487-608CD09EE025} = {B73D9DD4-26D6-4D6A-9B0C-7D8AEFCAD21A}
		{D4DDD5C9-0655-4D68-B00F-B79F64041761} = {0367E4EF-07AB-400B-8ACC-74309B787319}
	EndGlobalSection
	GlobalSection(ExtensibilityGlobals) = postSolution
		SolutionGuid = {2CB73853-41B7-4CFC-86F7-71CF9EA20A31}
	EndGlobalSection
EndGlobal
